# THIS IS AN AUTOGENERATED FILE. DO NOT EDIT THIS FILE DIRECTLY.
# yarn lockfile v1


class-names@^1.0.0:
  version "1.0.0"
  resolved "https://registry.yarnpkg.com/class-names/-/class-names-1.0.0.tgz#8646070361d87a83f643261047ed22834e646945"
  integrity sha1-hkYHA2HYeoP2QyYQR+0ig05kaUU=
  dependencies:
    classnames "^2.2.5"

classnames@^2.2.5:
  version "2.2.6"
  resolved "https://registry.yarnpkg.com/classnames/-/classnames-2.2.6.tgz#43935bffdd291f326dad0a205309b38d00f650ce"
  integrity sha512-JR/iSQOSt+LQIWwrwEzJ9uk0xfN3mTVYMwt1Ir5mUcSN6pU+V4zQFFaJsclJbPuAUQH+yfWef6tm7l1quW3C8Q==

immer@^9.0.1:
  version "9.0.1"
  resolved "https://registry.yarnpkg.com/immer/-/immer-9.0.1.tgz#1116368e051f9a0fd188c5136b6efb74ed69c57f"
  integrity sha512-7CCw1DSgr8kKYXTYOI1qMM/f5qxT5vIVMeGLDCDX8CSxsggr1Sjdoha4OhsP0AZ1UvWbyZlILHvLjaynuu02Mg==

react-icons@^4.2.0:
  version "4.2.0"
  resolved "https://registry.yarnpkg.com/react-icons/-/react-icons-4.2.0.tgz#6dda80c8a8f338ff96a1851424d63083282630d0"
  integrity sha512-rmzEDFt+AVXRzD7zDE21gcxyBizD/3NqjbX6cmViAgdqfJ2UiLer8927/QhhrXQV7dEj/1EGuOTPp7JnLYVJKQ==
